
Microsoft Visual Studio Solution File, Format Version 12.00
# Visual Studio Version 16
VisualStudioVersion = 16.0.31205.134
MinimumVisualStudioVersion = 10.0.40219.1
Project("{9A19103F-16F7-4668-BE54-9A1E7A4F7556}") = "AsyncEx4", "AsyncEx4.csproj", "{28AF9F94-62A1-4593-8944-166EF6D4014C}"
EndProject
Global
	GlobalSection(SolutionConfigurationPlatforms) = preSolution
		Debug|Any CPU = Debug|Any CPU
		Release|Any CPU = Release|Any CPU
	EndGlobalSection
	GlobalSection(ProjectConfigurationPlatforms) = postSolution
		{28AF9F94-62A1-4593-8944-166EF6D4014C}.Debug|Any CPU.ActiveCfg = Debug|Any CPU
		{28AF9F94-62A1-4593-8944-166EF6D4014C}.Debug|Any CPU.Build.0 = Debug|Any CPU
		{28AF9F94-62A1-4593-8944-166EF6D4014C}.Release|Any CPU.ActiveCfg = Release|Any CPU
		{28AF9F94-62A1-4593-8944-166EF6D4014C}.Release|Any CPU.Build.0 = Release|Any CPU
	EndGlobalSection
	GlobalSection(SolutionProperties) = preSolution
		HideSolutionNode = FALSE
	EndGlobalSection
	GlobalSection(ExtensibilityGlobals) = postSolution
		SolutionGuid = {BD4F94C5-A22E-451D-9EC8-5EF7466C5D5A}
	EndGlobalSection
EndGlobal
