
Microsoft Visual Studio Solution File, Format Version 12.00
# Visual Studio Version 16
VisualStudioVersion = 16.0.31112.23
MinimumVisualStudioVersion = 10.0.40219.1
Project("{9A19103F-16F7-4668-BE54-9A1E7A4F7556}") = "EFCoreEx", "EFCoreEx.csproj", "{9EED7F11-54CD-4FD9-BC78-33BB7DE406D4}"
EndProject
Global
	GlobalSection(SolutionConfigurationPlatforms) = preSolution
		Debug|Any CPU = Debug|Any CPU
		Release|Any CPU = Release|Any CPU
	EndGlobalSection
	GlobalSection(ProjectConfigurationPlatforms) = postSolution
		{9EED7F11-54CD-4FD9-BC78-33BB7DE406D4}.Debug|Any CPU.ActiveCfg = Debug|Any CPU
		{9EED7F11-54CD-4FD9-BC78-33BB7DE406D4}.Debug|Any CPU.Build.0 = Debug|Any CPU
		{9EED7F11-54CD-4FD9-BC78-33BB7DE406D4}.Release|Any CPU.ActiveCfg = Release|Any CPU
		{9EED7F11-54CD-4FD9-BC78-33BB7DE406D4}.Release|Any CPU.Build.0 = Release|Any CPU
	EndGlobalSection
	GlobalSection(SolutionProperties) = preSolution
		HideSolutionNode = FALSE
	EndGlobalSection
	GlobalSection(ExtensibilityGlobals) = postSolution
		SolutionGuid = {A8186742-2B8C-4BA7-A0DA-660D4CD077D4}
	EndGlobalSection
EndGlobal
