
Microsoft Visual Studio Solution File, Format Version 12.00
# Visual Studio Version 16
VisualStudioVersion = 16.0.31605.320
MinimumVisualStudioVersion = 10.0.40219.1
Project("{FAE04EC0-301F-11D3-BF4B-00C04F79EFBC}") = "SHIT_Web_API_A1_YBAJ161", "SHIT_Web_API_A1_YBAJ161.csproj", "{C5660B98-4334-4C00-8C03-48CBBA81844F}"
EndProject
Global
	GlobalSection(SolutionConfigurationPlatforms) = preSolution
		Debug|Any CPU = Debug|Any CPU
		Release|Any CPU = Release|Any CPU
	EndGlobalSection
	GlobalSection(ProjectConfigurationPlatforms) = postSolution
		{C5660B98-4334-4C00-8C03-48CBBA81844F}.Debug|Any CPU.ActiveCfg = Debug|Any CPU
		{C5660B98-4334-4C00-8C03-48CBBA81844F}.Debug|Any CPU.Build.0 = Debug|Any CPU
		{C5660B98-4334-4C00-8C03-48CBBA81844F}.Release|Any CPU.ActiveCfg = Release|Any CPU
		{C5660B98-4334-4C00-8C03-48CBBA81844F}.Release|Any CPU.Build.0 = Release|Any CPU
	EndGlobalSection
	GlobalSection(SolutionProperties) = preSolution
		HideSolutionNode = FALSE
	EndGlobalSection
	GlobalSection(ExtensibilityGlobals) = postSolution
		SolutionGuid = {7E067F4F-B530-4517-B2DE-B29B8D4AE2A4}
	EndGlobalSection
EndGlobal
