
Microsoft Visual Studio Solution File, Format Version 12.00
# Visual Studio Version 16
VisualStudioVersion = 16.0.31515.178
MinimumVisualStudioVersion = 10.0.40219.1
Project("{FAE04EC0-301F-11D3-BF4B-00C04F79EFBC}") = "LinqJoinEx2", "LinqJoinEx2.csproj", "{79131299-D16B-410E-BD68-87F0E1D17395}"
EndProject
Global
	GlobalSection(SolutionConfigurationPlatforms) = preSolution
		Debug|Any CPU = Debug|Any CPU
		Release|Any CPU = Release|Any CPU
	EndGlobalSection
	GlobalSection(ProjectConfigurationPlatforms) = postSolution
		{79131299-D16B-410E-BD68-87F0E1D17395}.Debug|Any CPU.ActiveCfg = Debug|Any CPU
		{79131299-D16B-410E-BD68-87F0E1D17395}.Debug|Any CPU.Build.0 = Debug|Any CPU
		{79131299-D16B-410E-BD68-87F0E1D17395}.Release|Any CPU.ActiveCfg = Release|Any CPU
		{79131299-D16B-410E-BD68-87F0E1D17395}.Release|Any CPU.Build.0 = Release|Any CPU
	EndGlobalSection
	GlobalSection(SolutionProperties) = preSolution
		HideSolutionNode = FALSE
	EndGlobalSection
	GlobalSection(ExtensibilityGlobals) = postSolution
		SolutionGuid = {7614865A-4F7E-4243-B030-5C5BDA76B3F1}
	EndGlobalSection
EndGlobal
