
Microsoft Visual Studio Solution File, Format Version 12.00
# Visual Studio Version 16
VisualStudioVersion = 16.0.31205.134
MinimumVisualStudioVersion = 10.0.40219.1
Project("{9A19103F-16F7-4668-BE54-9A1E7A4F7556}") = "LinqEx", "LinqEx.csproj", "{9318653B-7DC7-4B42-AC48-7DF7305940D2}"
EndProject
Global
	GlobalSection(SolutionConfigurationPlatforms) = preSolution
		Debug|Any CPU = Debug|Any CPU
		Release|Any CPU = Release|Any CPU
	EndGlobalSection
	GlobalSection(ProjectConfigurationPlatforms) = postSolution
		{9318653B-7DC7-4B42-AC48-7DF7305940D2}.Debug|Any CPU.ActiveCfg = Debug|Any CPU
		{9318653B-7DC7-4B42-AC48-7DF7305940D2}.Debug|Any CPU.Build.0 = Debug|Any CPU
		{9318653B-7DC7-4B42-AC48-7DF7305940D2}.Release|Any CPU.ActiveCfg = Release|Any CPU
		{9318653B-7DC7-4B42-AC48-7DF7305940D2}.Release|Any CPU.Build.0 = Release|Any CPU
	EndGlobalSection
	GlobalSection(SolutionProperties) = preSolution
		HideSolutionNode = FALSE
	EndGlobalSection
	GlobalSection(ExtensibilityGlobals) = postSolution
		SolutionGuid = {3C6AB3A0-B619-4951-A8EA-C84FED346EDE}
	EndGlobalSection
EndGlobal
