
Microsoft Visual Studio Solution File, Format Version 12.00
# Visual Studio Version 16
VisualStudioVersion = 16.0.31205.134
MinimumVisualStudioVersion = 10.0.40219.1
Project("{FAE04EC0-301F-11D3-BF4B-00C04F79EFBC}") = "ConsoleApp1", "ConsoleApp1.csproj", "{DF66B342-3993-461F-AE67-44D9EF829F23}"
EndProject
Global
	GlobalSection(SolutionConfigurationPlatforms) = preSolution
		Debug|Any CPU = Debug|Any CPU
		Release|Any CPU = Release|Any CPU
	EndGlobalSection
	GlobalSection(ProjectConfigurationPlatforms) = postSolution
		{DF66B342-3993-461F-AE67-44D9EF829F23}.Debug|Any CPU.ActiveCfg = Debug|Any CPU
		{DF66B342-3993-461F-AE67-44D9EF829F23}.Debug|Any CPU.Build.0 = Debug|Any CPU
		{DF66B342-3993-461F-AE67-44D9EF829F23}.Release|Any CPU.ActiveCfg = Release|Any CPU
		{DF66B342-3993-461F-AE67-44D9EF829F23}.Release|Any CPU.Build.0 = Release|Any CPU
	EndGlobalSection
	GlobalSection(SolutionProperties) = preSolution
		HideSolutionNode = FALSE
	EndGlobalSection
	GlobalSection(ExtensibilityGlobals) = postSolution
		SolutionGuid = {AC53812F-115A-4836-B600-E0F80654EE11}
	EndGlobalSection
EndGlobal
