
Microsoft Visual Studio Solution File, Format Version 12.00
# Visual Studio Version 16
VisualStudioVersion = 16.0.31205.134
MinimumVisualStudioVersion = 10.0.40219.1
Project("{FAE04EC0-301F-11D3-BF4B-00C04F79EFBC}") = "WebAPIvCard", "WebAPIvCard.csproj", "{1066483B-A80B-4FAB-9F13-BFEBB999E75B}"
EndProject
Global
	GlobalSection(SolutionConfigurationPlatforms) = preSolution
		Debug|Any CPU = Debug|Any CPU
		Release|Any CPU = Release|Any CPU
	EndGlobalSection
	GlobalSection(ProjectConfigurationPlatforms) = postSolution
		{1066483B-A80B-4FAB-9F13-BFEBB999E75B}.Debug|Any CPU.ActiveCfg = Debug|Any CPU
		{1066483B-A80B-4FAB-9F13-BFEBB999E75B}.Debug|Any CPU.Build.0 = Debug|Any CPU
		{1066483B-A80B-4FAB-9F13-BFEBB999E75B}.Release|Any CPU.ActiveCfg = Release|Any CPU
		{1066483B-A80B-4FAB-9F13-BFEBB999E75B}.Release|Any CPU.Build.0 = Release|Any CPU
	EndGlobalSection
	GlobalSection(SolutionProperties) = preSolution
		HideSolutionNode = FALSE
	EndGlobalSection
	GlobalSection(ExtensibilityGlobals) = postSolution
		SolutionGuid = {1A0D185E-9834-4332-9646-0643556A9A52}
	EndGlobalSection
EndGlobal
