
Microsoft Visual Studio Solution File, Format Version 12.00
# Visual Studio Version 16
VisualStudioVersion = 16.0.31205.134
MinimumVisualStudioVersion = 10.0.40219.1
Project("{FAE04EC0-301F-11D3-BF4B-00C04F79EFBC}") = "ConsoleApp4", "ConsoleApp4.csproj", "{FBCABC88-4959-4273-A142-A5A7B4DE0CC6}"
EndProject
Global
	GlobalSection(SolutionConfigurationPlatforms) = preSolution
		Debug|Any CPU = Debug|Any CPU
		Release|Any CPU = Release|Any CPU
	EndGlobalSection
	GlobalSection(ProjectConfigurationPlatforms) = postSolution
		{FBCABC88-4959-4273-A142-A5A7B4DE0CC6}.Debug|Any CPU.ActiveCfg = Debug|Any CPU
		{FBCABC88-4959-4273-A142-A5A7B4DE0CC6}.Debug|Any CPU.Build.0 = Debug|Any CPU
		{FBCABC88-4959-4273-A142-A5A7B4DE0CC6}.Release|Any CPU.ActiveCfg = Release|Any CPU
		{FBCABC88-4959-4273-A142-A5A7B4DE0CC6}.Release|Any CPU.Build.0 = Release|Any CPU
	EndGlobalSection
	GlobalSection(SolutionProperties) = preSolution
		HideSolutionNode = FALSE
	EndGlobalSection
	GlobalSection(ExtensibilityGlobals) = postSolution
		SolutionGuid = {4ADD35A0-378D-4E26-AFD4-66136C4228F8}
	EndGlobalSection
EndGlobal
